
Microsoft Visual Studio Solution File, Format Version 12.00
# Visual Studio 15
VisualStudioVersion = 15.0.27130.2027
MinimumVisualStudioVersion = 10.0.40219.1
Project("{FAE04EC0-301F-11D3-BF4B-00C04F79EFBC}") = "BlackJack", "BlackJack\BlackJack.csproj", "{3D6F8507-9856-4817-9280-AB7705309BA9}"
EndProject
Global
	GlobalSection(SolutionConfigurationPlatforms) = preSolution
		Debug|Any CPU = Debug|Any CPU
		Release|Any CPU = Release|Any CPU
	EndGlobalSection
	GlobalSection(ProjectConfigurationPlatforms) = postSolution
		{3D6F8507-9856-4817-9280-AB7705309BA9}.Debug|Any CPU.ActiveCfg = Debug|Any CPU
		{3D6F8507-9856-4817-9280-AB7705309BA9}.Debug|Any CPU.Build.0 = Debug|Any CPU
		{3D6F8507-9856-4817-9280-AB7705309BA9}.Release|Any CPU.ActiveCfg = Release|Any CPU
		{3D6F8507-9856-4817-9280-AB7705309BA9}.Release|Any CPU.Build.0 = Release|Any CPU
	EndGlobalSection
	GlobalSection(SolutionProperties) = preSolution
		HideSolutionNode = FALSE
	EndGlobalSection
	GlobalSection(ExtensibilityGlobals) = postSolution
		SolutionGuid = {F116953A-740D-424A-BE7E-5A8F8E06B423}
	EndGlobalSection
EndGlobal
